
Microsoft Visual Studio Solution File, Format Version 12.00
# Visual Studio Version 16
VisualStudioVersion = 16.0.32106.194
MinimumVisualStudioVersion = 10.0.40219.1
Project("{FAE04EC0-301F-11D3-BF4B-00C04F79EFBC}") = "Lab13.Android", "Lab13\Lab13.Android\Lab13.Android.csproj", "{B5180ECB-7738-4734-9469-FCF8CD9BB19C}"
EndProject
Project("{FAE04EC0-301F-11D3-BF4B-00C04F79EFBC}") = "Lab13.iOS", "Lab13\Lab13.iOS\Lab13.iOS.csproj", "{EAB597F2-26E9-4C8A-BE72-92107D4D9D73}"
EndProject
Project("{FAE04EC0-301F-11D3-BF4B-00C04F79EFBC}") = "Lab13", "Lab13\Lab13\Lab13.csproj", "{0F4B4CB3-92BD-4E80-B229-4B3793FEB7D6}"
EndProject
Global
	GlobalSection(SolutionConfigurationPlatforms) = preSolution
		Debug|Any CPU = Debug|Any CPU
		Debug|iPhone = Debug|iPhone
		Debug|iPhoneSimulator = Debug|iPhoneSimulator
		Release|Any CPU = Release|Any CPU
		Release|iPhone = Release|iPhone
		Release|iPhoneSimulator = Release|iPhoneSimulator
	EndGlobalSection
	GlobalSection(ProjectConfigurationPlatforms) = postSolution
		{B5180ECB-7738-4734-9469-FCF8CD9BB19C}.Debug|Any CPU.ActiveCfg = Debug|Any CPU
		{B5180ECB-7738-4734-9469-FCF8CD9BB19C}.Debug|Any CPU.Build.0 = Debug|Any CPU
		{B5180ECB-7738-4734-9469-FCF8CD9BB19C}.Debug|Any CPU.Deploy.0 = Debug|Any CPU
		{B5180ECB-7738-4734-9469-FCF8CD9BB19C}.Debug|iPhone.ActiveCfg = Debug|Any CPU
		{B5180ECB-7738-4734-9469-FCF8CD9BB19C}.Debug|iPhone.Build.0 = Debug|Any CPU
		{B5180ECB-7738-4734-9469-FCF8CD9BB19C}.Debug|iPhone.Deploy.0 = Debug|Any CPU
		{B5180ECB-7738-4734-9469-FCF8CD9BB19C}.Debug|iPhoneSimulator.ActiveCfg = Debug|Any CPU
		{B5180ECB-7738-4734-9469-FCF8CD9BB19C}.Debug|iPhoneSimulator.Build.0 = Debug|Any CPU
		{B5180ECB-7738-4734-9469-FCF8CD9BB19C}.Debug|iPhoneSimulator.Deploy.0 = Debug|Any CPU
		{B5180ECB-7738-4734-9469-FCF8CD9BB19C}.Release|Any CPU.ActiveCfg = Release|Any CPU
		{B5180ECB-7738-4734-9469-FCF8CD9BB19C}.Release|Any CPU.Build.0 = Release|Any CPU
		{B5180ECB-7738-4734-9469-FCF8CD9BB19C}.Release|Any CPU.Deploy.0 = Release|Any CPU
		{B5180ECB-7738-4734-9469-FCF8CD9BB19C}.Release|iPhone.ActiveCfg = Release|Any CPU
		{B5180ECB-7738-4734-9469-FCF8CD9BB19C}.Release|iPhone.Build.0 = Release|Any CPU
		{B5180ECB-7738-4734-9469-FCF8CD9BB19C}.Release|iPhone.Deploy.0 = Release|Any CPU
		{B5180ECB-7738-4734-9469-FCF8CD9BB19C}.Release|iPhoneSimulator.ActiveCfg = Release|Any CPU
		{B5180ECB-7738-4734-9469-FCF8CD9BB19C}.Release|iPhoneSimulator.Build.0 = Release|Any CPU
		{B5180ECB-7738-4734-9469-FCF8CD9BB19C}.Release|iPhoneSimulator.Deploy.0 = Release|Any CPU
		{EAB597F2-26E9-4C8A-BE72-92107D4D9D73}.Debug|Any CPU.ActiveCfg = Debug|iPhone
		{EAB597F2-26E9-4C8A-BE72-92107D4D9D73}.Debug|Any CPU.Build.0 = Debug|iPhone
		{EAB597F2-26E9-4C8A-BE72-92107D4D9D73}.Debug|Any CPU.Deploy.0 = Debug|iPhone
		{EAB597F2-26E9-4C8A-BE72-92107D4D9D73}.Debug|iPhone.ActiveCfg = Debug|iPhone
		{EAB597F2-26E9-4C8A-BE72-92107D4D9D73}.Debug|iPhone.Build.0 = Debug|iPhone
		{EAB597F2-26E9-4C8A-BE72-92107D4D9D73}.Debug|iPhone.Deploy.0 = Debug|iPhone
		{EAB597F2-26E9-4C8A-BE72-92107D4D9D73}.Debug|iPhoneSimulator.ActiveCfg = Debug|iPhoneSimulator
		{EAB597F2-26E9-4C8A-BE72-92107D4D9D73}.Debug|iPhoneSimulator.Build.0 = Debug|iPhoneSimulator
		{EAB597F2-26E9-4C8A-BE72-92107D4D9D73}.Debug|iPhoneSimulator.Deploy.0 = Debug|iPhoneSimulator
		{EAB597F2-26E9-4C8A-BE72-92107D4D9D73}.Release|Any CPU.ActiveCfg = Release|iPhoneSimulator
		{EAB597F2-26E9-4C8A-BE72-92107D4D9D73}.Release|Any CPU.Build.0 = Release|iPhoneSimulator
		{EAB597F2-26E9-4C8A-BE72-92107D4D9D73}.Release|Any CPU.Deploy.0 = Release|iPhoneSimulator
		{EAB597F2-26E9-4C8A-BE72-92107D4D9D73}.Release|iPhone.ActiveCfg = Release|iPhone
		{EAB597F2-26E9-4C8A-BE72-92107D4D9D73}.Release|iPhone.Build.0 = Release|iPhone
		{EAB597F2-26E9-4C8A-BE72-92107D4D9D73}.Release|iPhone.Deploy.0 = Release|iPhone
		{EAB597F2-26E9-4C8A-BE72-92107D4D9D73}.Release|iPhoneSimulator.ActiveCfg = Release|iPhoneSimulator
		{EAB597F2-26E9-4C8A-BE72-92107D4D9D73}.Release|iPhoneSimulator.Build.0 = Release|iPhoneSimulator
		{EAB597F2-26E9-4C8A-BE72-92107D4D9D73}.Release|iPhoneSimulator.Deploy.0 = Release|iPhoneSimulator
		{0F4B4CB3-92BD-4E80-B229-4B3793FEB7D6}.Debug|Any CPU.ActiveCfg = Debug|Any CPU
		{0F4B4CB3-92BD-4E80-B229-4B3793FEB7D6}.Debug|Any CPU.Build.0 = Debug|Any CPU
		{0F4B4CB3-92BD-4E80-B229-4B3793FEB7D6}.Debug|Any CPU.Deploy.0 = Debug|Any CPU
		{0F4B4CB3-92BD-4E80-B229-4B3793FEB7D6}.Debug|iPhone.ActiveCfg = Debug|Any CPU
		{0F4B4CB3-92BD-4E80-B229-4B3793FEB7D6}.Debug|iPhone.Build.0 = Debug|Any CPU
		{0F4B4CB3-92BD-4E80-B229-4B3793FEB7D6}.Debug|iPhone.Deploy.0 = Debug|Any CPU
		{0F4B4CB3-92BD-4E80-B229-4B3793FEB7D6}.Debug|iPhoneSimulator.ActiveCfg = Debug|Any CPU
		{0F4B4CB3-92BD-4E80-B229-4B3793FEB7D6}.Debug|iPhoneSimulator.Build.0 = Debug|Any CPU
		{0F4B4CB3-92BD-4E80-B229-4B3793FEB7D6}.Debug|iPhoneSimulator.Deploy.0 = Debug|Any CPU
		{0F4B4CB3-92BD-4E80-B229-4B3793FEB7D6}.Release|Any CPU.ActiveCfg = Release|Any CPU
		{0F4B4CB3-92BD-4E80-B229-4B3793FEB7D6}.Release|Any CPU.Build.0 = Release|Any CPU
		{0F4B4CB3-92BD-4E80-B229-4B3793FEB7D6}.Release|Any CPU.Deploy.0 = Release|Any CPU
		{0F4B4CB3-92BD-4E80-B229-4B3793FEB7D6}.Release|iPhone.ActiveCfg = Release|Any CPU
		{0F4B4CB3-92BD-4E80-B229-4B3793FEB7D6}.Release|iPhone.Build.0 = Release|Any CPU
		{0F4B4CB3-92BD-4E80-B229-4B3793FEB7D6}.Release|iPhone.Deploy.0 = Release|Any CPU
		{0F4B4CB3-92BD-4E80-B229-4B3793FEB7D6}.Release|iPhoneSimulator.ActiveCfg = Release|Any CPU
		{0F4B4CB3-92BD-4E80-B229-4B3793FEB7D6}.Release|iPhoneSimulator.Build.0 = Release|Any CPU
		{0F4B4CB3-92BD-4E80-B229-4B3793FEB7D6}.Release|iPhoneSimulator.Deploy.0 = Release|Any CPU
	EndGlobalSection
	GlobalSection(SolutionProperties) = preSolution
		HideSolutionNode = FALSE
	EndGlobalSection
	GlobalSection(ExtensibilityGlobals) = postSolution
		SolutionGuid = {8D0E8B87-41CC-4415-B579-931D371EFCBD}
	EndGlobalSection
EndGlobal
